// !$*UTF8*$!
{
	archiveVersion = 1;
	classes = {
	};
	objectVersion = 56;
	objects = {

/* Begin PBXBuildFile section */
		520474CA29790E9C007FE10D /* .swiftlint.yml in Resources */ = {isa = PBXBuildFile; fileRef = 520474C829790E9B007FE10D /* .swiftlint.yml */; };
		520474CB29790E9C007FE10D /* .swiftformat in Resources */ = {isa = PBXBuildFile; fileRef = 520474C929790E9B007FE10D /* .swiftformat */; };
		520474CF29791340007FE10D /* Start.sh in Resources */ = {isa = PBXBuildFile; fileRef = 520474CE29791340007FE10D /* Start.sh */; };
		52A8306F296AD637006E363B /* LetscodeApp.swift in Sources */ = {isa = PBXBuildFile; fileRef = 52A8306E296AD637006E363B /* LetscodeApp.swift */; };
		52A83071296AD637006E363B /* ContentView.swift in Sources */ = {isa = PBXBuildFile; fileRef = 52A83070296AD637006E363B /* ContentView.swift */; };
		52A83073296AD639006E363B /* Assets.xcassets in Resources */ = {isa = PBXBuildFile; fileRef = 52A83072296AD639006E363B /* Assets.xcassets */; };
		52A83077296AD639006E363B /* Preview Assets.xcassets in Resources */ = {isa = PBXBuildFile; fileRef = 52A83076296AD639006E363B /* Preview Assets.xcassets */; };
		586E67E85BC7FA3E3AB3CFB6 /* Pods_Letscode.framework in Frameworks */ = {isa = PBXBuildFile; fileRef = 342FB7A3CAEF9D418782B875 /* Pods_Letscode.framework */; };
/* End PBXBuildFile section */

/* Begin PBXFileReference section */
		21A4619F8A87B2DAF0DD7F08 /* Pods-Letscode.release.xcconfig */ = {isa = PBXFileReference; includeInIndex = 1; lastKnownFileType = text.xcconfig; name = "Pods-Letscode.release.xcconfig"; path = "Target Support Files/Pods-Letscode/Pods-Letscode.release.xcconfig"; sourceTree = "<group>"; };
		342FB7A3CAEF9D418782B875 /* Pods_Letscode.framework */ = {isa = PBXFileReference; explicitFileType = wrapper.framework; includeInIndex = 0; path = Pods_Letscode.framework; sourceTree = BUILT_PRODUCTS_DIR; };
		4E512CC2561A511C2DE0F86B /* Pods-Letscode.debug.xcconfig */ = {isa = PBXFileReference; includeInIndex = 1; lastKnownFileType = text.xcconfig; name = "Pods-Letscode.debug.xcconfig"; path = "Target Support Files/Pods-Letscode/Pods-Letscode.debug.xcconfig"; sourceTree = "<group>"; };
		520474C32978FE93007FE10D /* LeetCodePlayground.playground */ = {isa = PBXFileReference; lastKnownFileType = file.playground; path = LeetCodePlayground.playground; sourceTree = "<group>"; };
		520474C829790E9B007FE10D /* .swiftlint.yml */ = {isa = PBXFileReference; fileEncoding = 4; lastKnownFileType = text.yaml; path = .swiftlint.yml; sourceTree = SOURCE_ROOT; };
		520474C929790E9B007FE10D /* .swiftformat */ = {isa = PBXFileReference; fileEncoding = 4; lastKnownFileType = text; path = .swiftformat; sourceTree = SOURCE_ROOT; };
		520474CE29791340007FE10D /* Start.sh */ = {isa = PBXFileReference; fileEncoding = 4; lastKnownFileType = text.script.sh; path = Start.sh; sourceTree = SOURCE_ROOT; };
		52A8306B296AD637006E363B /* Letscode.app */ = {isa = PBXFileReference; explicitFileType = wrapper.application; includeInIndex = 0; path = Letscode.app; sourceTree = BUILT_PRODUCTS_DIR; };
		52A8306E296AD637006E363B /* LetscodeApp.swift */ = {isa = PBXFileReference; lastKnownFileType = sourcecode.swift; path = LetscodeApp.swift; sourceTree = "<group>"; };
		52A83070296AD637006E363B /* ContentView.swift */ = {isa = PBXFileReference; lastKnownFileType = sourcecode.swift; path = ContentView.swift; sourceTree = "<group>"; };
		52A83072296AD639006E363B /* Assets.xcassets */ = {isa = PBXFileReference; lastKnownFileType = folder.assetcatalog; path = Assets.xcassets; sourceTree = "<group>"; };
		52A83074296AD639006E363B /* Letscode.entitlements */ = {isa = PBXFileReference; lastKnownFileType = text.plist.entitlements; path = Letscode.entitlements; sourceTree = "<group>"; };
		52A83076296AD639006E363B /* Preview Assets.xcassets */ = {isa = PBXFileReference; lastKnownFileType = folder.assetcatalog; path = "Preview Assets.xcassets"; sourceTree = "<group>"; };
/* End PBXFileReference section */

/* Begin PBXFrameworksBuildPhase section */
		52A83068296AD637006E363B /* Frameworks */ = {
			isa = PBXFrameworksBuildPhase;
			buildActionMask = 2147483647;
			files = (
				586E67E85BC7FA3E3AB3CFB6 /* Pods_Letscode.framework in Frameworks */,
			);
			runOnlyForDeploymentPostprocessing = 0;
		};
/* End PBXFrameworksBuildPhase section */

/* Begin PBXGroup section */
		03D432EF0DFA7934C6991760 /* Pods */ = {
			isa = PBXGroup;
			children = (
				4E512CC2561A511C2DE0F86B /* Pods-Letscode.debug.xcconfig */,
				21A4619F8A87B2DAF0DD7F08 /* Pods-Letscode.release.xcconfig */,
			);
			path = Pods;
			sourceTree = "<group>";
		};
		520474C629790E02007FE10D /* Supporting */ = {
			isa = PBXGroup;
			children = (
				520474CC29790FEE007FE10D /* Script */,
				520474C729790E19007FE10D /* CodeQuality */,
			);
			path = Supporting;
			sourceTree = "<group>";
		};
		520474C729790E19007FE10D /* CodeQuality */ = {
			isa = PBXGroup;
			children = (
				520474C929790E9B007FE10D /* .swiftformat */,
				520474C829790E9B007FE10D /* .swiftlint.yml */,
			);
			path = CodeQuality;
			sourceTree = "<group>";
		};
		520474CC29790FEE007FE10D /* Script */ = {
			isa = PBXGroup;
			children = (
				520474CE29791340007FE10D /* Start.sh */,
			);
			path = Script;
			sourceTree = "<group>";
		};
		52A83062296AD636006E363B = {
			isa = PBXGroup;
			children = (
				520474C629790E02007FE10D /* Supporting */,
				520474C32978FE93007FE10D /* LeetCodePlayground.playground */,
				52A8306D296AD637006E363B /* Letscode */,
				52A8306C296AD637006E363B /* Products */,
				03D432EF0DFA7934C6991760 /* Pods */,
				869A50296A180739BC2F9E29 /* Frameworks */,
			);
			sourceTree = "<group>";
		};
		52A8306C296AD637006E363B /* Products */ = {
			isa = PBXGroup;
			children = (
				52A8306B296AD637006E363B /* Letscode.app */,
			);
			name = Products;
			sourceTree = "<group>";
		};
		52A8306D296AD637006E363B /* Letscode */ = {
			isa = PBXGroup;
			children = (
				52A8306E296AD637006E363B /* LetscodeApp.swift */,
				52A83070296AD637006E363B /* ContentView.swift */,
				52A83072296AD639006E363B /* Assets.xcassets */,
				52A83074296AD639006E363B /* Letscode.entitlements */,
				52A83075296AD639006E363B /* Preview Content */,
			);
			path = Letscode;
			sourceTree = "<group>";
		};
		52A83075296AD639006E363B /* Preview Content */ = {
			isa = PBXGroup;
			children = (
				52A83076296AD639006E363B /* Preview Assets.xcassets */,
			);
			path = "Preview Content";
			sourceTree = "<group>";
		};
		869A50296A180739BC2F9E29 /* Frameworks */ = {
			isa = PBXGroup;
			children = (
				342FB7A3CAEF9D418782B875 /* Pods_Letscode.framework */,
			);
			name = Frameworks;
			sourceTree = "<group>";
		};
/* End PBXGroup section */

/* Begin PBXNativeTarget section */
		52A8306A296AD637006E363B /* Letscode */ = {
			isa = PBXNativeTarget;
			buildConfigurationList = 52A8307A296AD639006E363B /* Build configuration list for PBXNativeTarget "Letscode" */;
			buildPhases = (
				06A65A6AB234F9F16420B247 /* [CP] Check Pods Manifest.lock */,
				52A83067296AD637006E363B /* Sources */,
				52A83068296AD637006E363B /* Frameworks */,
				52A83069296AD637006E363B /* Resources */,
				B022217AD4C69DB1B6E00AC6 /* [CP] Embed Pods Frameworks */,
				520474C42979041A007FE10D /* [Run] Swiftlint */,
				520474C529790D0B007FE10D /* [Run] Swiftformat */,
			);
			buildRules = (
			);
			dependencies = (
			);
			name = Letscode;
			productName = Letscode;
			productReference = 52A8306B296AD637006E363B /* Letscode.app */;
			productType = "com.apple.product-type.application";
		};
/* End PBXNativeTarget section */

/* Begin PBXProject section */
		52A83063296AD636006E363B /* Project object */ = {
			isa = PBXProject;
			attributes = {
				BuildIndependentTargetsInParallel = 1;
				LastSwiftUpdateCheck = 1420;
				LastUpgradeCheck = 1420;
				ORGANIZATIONNAME = "Tiago A. de Oliveira";
				TargetAttributes = {
					52A8306A296AD637006E363B = {
						CreatedOnToolsVersion = 14.2;
					};
				};
			};
			buildConfigurationList = 52A83066296AD636006E363B /* Build configuration list for PBXProject "Letscode" */;
			compatibilityVersion = "Xcode 14.0";
			developmentRegion = en;
			hasScannedForEncodings = 0;
			knownRegions = (
				en,
				Base,
			);
			mainGroup = 52A83062296AD636006E363B;
			productRefGroup = 52A8306C296AD637006E363B /* Products */;
			projectDirPath = "";
			projectRoot = "";
			targets = (
				52A8306A296AD637006E363B /* Letscode */,
			);
		};
/* End PBXProject section */

/* Begin PBXResourcesBuildPhase section */
		52A83069296AD637006E363B /* Resources */ = {
			isa = PBXResourcesBuildPhase;
			buildActionMask = 2147483647;
			files = (
				520474CB29790E9C007FE10D /* .swiftformat in Resources */,
				520474CF29791340007FE10D /* Start.sh in Resources */,
				520474CA29790E9C007FE10D /* .swiftlint.yml in Resources */,
				52A83077296AD639006E363B /* Preview Assets.xcassets in Resources */,
				52A83073296AD639006E363B /* Assets.xcassets in Resources */,
			);
			runOnlyForDeploymentPostprocessing = 0;
		};
/* End PBXResourcesBuildPhase section */

/* Begin PBXShellScriptBuildPhase section */
		06A65A6AB234F9F16420B247 /* [CP] Check Pods Manifest.lock */ = {
			isa = PBXShellScriptBuildPhase;
			buildActionMask = 2147483647;
			files = (
			);
			inputFileListPaths = (
			);
			inputPaths = (
				"${PODS_PODFILE_DIR_PATH}/Podfile.lock",
				"${PODS_ROOT}/Manifest.lock",
			);
			name = "[CP] Check Pods Manifest.lock";
			outputFileListPaths = (
			);
			outputPaths = (
				"$(DERIVED_FILE_DIR)/Pods-Letscode-checkManifestLockResult.txt",
			);
			runOnlyForDeploymentPostprocessing = 0;
			shellPath = /bin/sh;
			shellScript = "diff \"${PODS_PODFILE_DIR_PATH}/Podfile.lock\" \"${PODS_ROOT}/Manifest.lock\" > /dev/null\nif [ $? != 0 ] ; then\n    # print error to STDERR\n    echo \"error: The sandbox is not in sync with the Podfile.lock. Run 'pod install' or update your CocoaPods installation.\" >&2\n    exit 1\nfi\n# This output is used by Xcode 'outputs' to avoid re-running this script phase.\necho \"SUCCESS\" > \"${SCRIPT_OUTPUT_FILE_0}\"\n";
			showEnvVarsInLog = 0;
		};
		520474C42979041A007FE10D /* [Run] Swiftlint */ = {
			isa = PBXShellScriptBuildPhase;
			alwaysOutOfDate = 1;
			buildActionMask = 2147483647;
			files = (
			);
			inputFileListPaths = (
			);
			inputPaths = (
			);
			name = "[Run] Swiftlint";
			outputFileListPaths = (
			);
			outputPaths = (
			);
			runOnlyForDeploymentPostprocessing = 0;
			shellPath = /bin/sh;
			shellScript = "export PATH=\"$PATH:/opt/homebrew/bin\"\nif which swiftlint > /dev/null; then\n    swiftlint\nelse\n    echo \"warning: SwiftLint not installed, download from https://github.com/realm/SwiftLint\"\n    exit 1\nfi\n";
		};
		520474C529790D0B007FE10D /* [Run] Swiftformat */ = {
			isa = PBXShellScriptBuildPhase;
			alwaysOutOfDate = 1;
			buildActionMask = 2147483647;
			files = (
			);
			inputFileListPaths = (
			);
			inputPaths = (
			);
			name = "[Run] Swiftformat";
			outputFileListPaths = (
			);
			outputPaths = (
			);
			runOnlyForDeploymentPostprocessing = 0;
			shellPath = /bin/sh;
			shellScript = "export PATH=\"$PATH:/opt/homebrew/bin\"\nif which swiftformat >/dev/null; then\n    swiftformat --lint --lenient ./Letscode\n    swiftformat --lint --lenient ./LeetCodePlayground.playground\nelse\n    echo \"warning: SwiftFormat not installed, download from https://github.com/nicklockwood/SwiftFormat\"\n    exit 1\nfi\n";
		};
		B022217AD4C69DB1B6E00AC6 /* [CP] Embed Pods Frameworks */ = {
			isa = PBXShellScriptBuildPhase;
			buildActionMask = 2147483647;
			files = (
			);
			inputFileListPaths = (
				"${PODS_ROOT}/Target Support Files/Pods-Letscode/Pods-Letscode-frameworks-${CONFIGURATION}-input-files.xcfilelist",
			);
			name = "[CP] Embed Pods Frameworks";
			outputFileListPaths = (
				"${PODS_ROOT}/Target Support Files/Pods-Letscode/Pods-Letscode-frameworks-${CONFIGURATION}-output-files.xcfilelist",
			);
			runOnlyForDeploymentPostprocessing = 0;
			shellPath = /bin/sh;
			shellScript = "\"${PODS_ROOT}/Target Support Files/Pods-Letscode/Pods-Letscode-frameworks.sh\"\n";
			showEnvVarsInLog = 0;
		};
/* End PBXShellScriptBuildPhase section */

/* Begin PBXSourcesBuildPhase section */
		52A83067296AD637006E363B /* Sources */ = {
			isa = PBXSourcesBuildPhase;
			buildActionMask = 2147483647;
			files = (
				52A83071296AD637006E363B /* ContentView.swift in Sources */,
				52A8306F296AD637006E363B /* LetscodeApp.swift in Sources */,
			);
			runOnlyForDeploymentPostprocessing = 0;
		};
/* End PBXSourcesBuildPhase section */

/* Begin XCBuildConfiguration section */
		52A83078296AD639006E363B /* Debug */ = {
			isa = XCBuildConfiguration;
			buildSettings = {
				ALWAYS_SEARCH_USER_PATHS = NO;
				CLANG_ANALYZER_NONNULL = YES;
				CLANG_ANALYZER_NUMBER_OBJECT_CONVERSION = YES_AGGRESSIVE;
				CLANG_CXX_LANGUAGE_STANDARD = "gnu++20";
				CLANG_ENABLE_MODULES = YES;
				CLANG_ENABLE_OBJC_ARC = YES;
				CLANG_ENABLE_OBJC_WEAK = YES;
				CLANG_WARN_BLOCK_CAPTURE_AUTORELEASING = YES;
				CLANG_WARN_BOOL_CONVERSION = YES;
				CLANG_WARN_COMMA = YES;
				CLANG_WARN_CONSTANT_CONVERSION = YES;
				CLANG_WARN_DEPRECATED_OBJC_IMPLEMENTATIONS = YES;
				CLANG_WARN_DIRECT_OBJC_ISA_USAGE = YES_ERROR;
				CLANG_WARN_DOCUMENTATION_COMMENTS = YES;
				CLANG_WARN_EMPTY_BODY = YES;
				CLANG_WARN_ENUM_CONVERSION = YES;
				CLANG_WARN_INFINITE_RECURSION = YES;
				CLANG_WARN_INT_CONVERSION = YES;
				CLANG_WARN_NON_LITERAL_NULL_CONVERSION = YES;
				CLANG_WARN_OBJC_IMPLICIT_RETAIN_SELF = YES;
				CLANG_WARN_OBJC_LITERAL_CONVERSION = YES;
				CLANG_WARN_OBJC_ROOT_CLASS = YES_ERROR;
				CLANG_WARN_QUOTED_INCLUDE_IN_FRAMEWORK_HEADER = YES;
				CLANG_WARN_RANGE_LOOP_ANALYSIS = YES;
				CLANG_WARN_STRICT_PROTOTYPES = YES;
				CLANG_WARN_SUSPICIOUS_MOVE = YES;
				CLANG_WARN_UNGUARDED_AVAILABILITY = YES_AGGRESSIVE;
				CLANG_WARN_UNREACHABLE_CODE = YES;
				CLANG_WARN__DUPLICATE_METHOD_MATCH = YES;
				COPY_PHASE_STRIP = NO;
				DEBUG_INFORMATION_FORMAT = dwarf;
				ENABLE_STRICT_OBJC_MSGSEND = YES;
				ENABLE_TESTABILITY = YES;
				GCC_C_LANGUAGE_STANDARD = gnu11;
				GCC_DYNAMIC_NO_PIC = NO;
				GCC_NO_COMMON_BLOCKS = YES;
				GCC_OPTIMIZATION_LEVEL = 0;
				GCC_PREPROCESSOR_DEFINITIONS = (
					"DEBUG=1",
					"$(inherited)",
				);
				GCC_WARN_64_TO_32_BIT_CONVERSION = YES;
				GCC_WARN_ABOUT_RETURN_TYPE = YES_ERROR;
				GCC_WARN_UNDECLARED_SELECTOR = YES;
				GCC_WARN_UNINITIALIZED_AUTOS = YES_AGGRESSIVE;
				GCC_WARN_UNUSED_FUNCTION = YES;
				GCC_WARN_UNUSED_VARIABLE = YES;
				MTL_ENABLE_DEBUG_INFO = INCLUDE_SOURCE;
				MTL_FAST_MATH = YES;
				ONLY_ACTIVE_ARCH = YES;
				SWIFT_ACTIVE_COMPILATION_CONDITIONS = DEBUG;
				SWIFT_OPTIMIZATION_LEVEL = "-Onone";
			};
			name = Debug;
		};
		52A83079296AD639006E363B /* Release */ = {
			isa = XCBuildConfiguration;
			buildSettings = {
				ALWAYS_SEARCH_USER_PATHS = NO;
				CLANG_ANALYZER_NONNULL = YES;
				CLANG_ANALYZER_NUMBER_OBJECT_CONVERSION = YES_AGGRESSIVE;
				CLANG_CXX_LANGUAGE_STANDARD = "gnu++20";
				CLANG_ENABLE_MODULES = YES;
				CLANG_ENABLE_OBJC_ARC = YES;
				CLANG_ENABLE_OBJC_WEAK = YES;
				CLANG_WARN_BLOCK_CAPTURE_AUTORELEASING = YES;
				CLANG_WARN_BOOL_CONVERSION = YES;
				CLANG_WARN_COMMA = YES;
				CLANG_WARN_CONSTANT_CONVERSION = YES;
				CLANG_WARN_DEPRECATED_OBJC_IMPLEMENTATIONS = YES;
				CLANG_WARN_DIRECT_OBJC_ISA_USAGE = YES_ERROR;
				CLANG_WARN_DOCUMENTATION_COMMENTS = YES;
				CLANG_WARN_EMPTY_BODY = YES;
				CLANG_WARN_ENUM_CONVERSION = YES;
				CLANG_WARN_INFINITE_RECURSION = YES;
				CLANG_WARN_INT_CONVERSION = YES;
				CLANG_WARN_NON_LITERAL_NULL_CONVERSION = YES;
				CLANG_WARN_OBJC_IMPLICIT_RETAIN_SELF = YES;
				CLANG_WARN_OBJC_LITERAL_CONVERSION = YES;
				CLANG_WARN_OBJC_ROOT_CLASS = YES_ERROR;
				CLANG_WARN_QUOTED_INCLUDE_IN_FRAMEWORK_HEADER = YES;
				CLANG_WARN_RANGE_LOOP_ANALYSIS = YES;
				CLANG_WARN_STRICT_PROTOTYPES = YES;
				CLANG_WARN_SUSPICIOUS_MOVE = YES;
				CLANG_WARN_UNGUARDED_AVAILABILITY = YES_AGGRESSIVE;
				CLANG_WARN_UNREACHABLE_CODE = YES;
				CLANG_WARN__DUPLICATE_METHOD_MATCH = YES;
				COPY_PHASE_STRIP = NO;
				DEBUG_INFORMATION_FORMAT = "dwarf-with-dsym";
				ENABLE_NS_ASSERTIONS = NO;
				ENABLE_STRICT_OBJC_MSGSEND = YES;
				GCC_C_LANGUAGE_STANDARD = gnu11;
				GCC_NO_COMMON_BLOCKS = YES;
				GCC_WARN_64_TO_32_BIT_CONVERSION = YES;
				GCC_WARN_ABOUT_RETURN_TYPE = YES_ERROR;
				GCC_WARN_UNDECLARED_SELECTOR = YES;
				GCC_WARN_UNINITIALIZED_AUTOS = YES_AGGRESSIVE;
				GCC_WARN_UNUSED_FUNCTION = YES;
				GCC_WARN_UNUSED_VARIABLE = YES;
				MTL_ENABLE_DEBUG_INFO = NO;
				MTL_FAST_MATH = YES;
				SWIFT_COMPILATION_MODE = wholemodule;
				SWIFT_OPTIMIZATION_LEVEL = "-O";
			};
			name = Release;
		};
		52A8307B296AD639006E363B /* Debug */ = {
			isa = XCBuildConfiguration;
			baseConfigurationReference = 4E512CC2561A511C2DE0F86B /* Pods-Letscode.debug.xcconfig */;
			buildSettings = {
				ASSETCATALOG_COMPILER_APPICON_NAME = AppIcon;
				ASSETCATALOG_COMPILER_GLOBAL_ACCENT_COLOR_NAME = AccentColor;
				CODE_SIGN_ENTITLEMENTS = Letscode/Letscode.entitlements;
				CODE_SIGN_STYLE = Automatic;
				CURRENT_PROJECT_VERSION = 1;
				DEVELOPMENT_ASSET_PATHS = "\"Letscode/Preview Content\"";
				DEVELOPMENT_TEAM = L23JLFRR67;
				ENABLE_HARDENED_RUNTIME = YES;
				ENABLE_PREVIEWS = YES;
				GENERATE_INFOPLIST_FILE = YES;
				"INFOPLIST_KEY_UIApplicationSceneManifest_Generation[sdk=iphoneos*]" = YES;
				"INFOPLIST_KEY_UIApplicationSceneManifest_Generation[sdk=iphonesimulator*]" = YES;
				"INFOPLIST_KEY_UIApplicationSupportsIndirectInputEvents[sdk=iphoneos*]" = YES;
				"INFOPLIST_KEY_UIApplicationSupportsIndirectInputEvents[sdk=iphonesimulator*]" = YES;
				"INFOPLIST_KEY_UILaunchScreen_Generation[sdk=iphoneos*]" = YES;
				"INFOPLIST_KEY_UILaunchScreen_Generation[sdk=iphonesimulator*]" = YES;
				"INFOPLIST_KEY_UIStatusBarStyle[sdk=iphoneos*]" = UIStatusBarStyleDefault;
				"INFOPLIST_KEY_UIStatusBarStyle[sdk=iphonesimulator*]" = UIStatusBarStyleDefault;
				INFOPLIST_KEY_UISupportedInterfaceOrientations_iPad = "UIInterfaceOrientationPortrait UIInterfaceOrientationPortraitUpsideDown UIInterfaceOrientationLandscapeLeft UIInterfaceOrientationLandscapeRight";
				INFOPLIST_KEY_UISupportedInterfaceOrientations_iPhone = "UIInterfaceOrientationPortrait UIInterfaceOrientationLandscapeLeft UIInterfaceOrientationLandscapeRight";
				IPHONEOS_DEPLOYMENT_TARGET = 16.2;
				MACOSX_DEPLOYMENT_TARGET = 13.1;
				MARKETING_VERSION = 1.0;
				PRODUCT_BUNDLE_IDENTIFIER = com.br.letscode.Letscode;
				PRODUCT_NAME = "$(TARGET_NAME)";
				SDKROOT = auto;
				SUPPORTED_PLATFORMS = "iphoneos iphonesimulator macosx";
				SWIFT_EMIT_LOC_STRINGS = YES;
				SWIFT_VERSION = 5.0;
				TARGETED_DEVICE_FAMILY = "1,2";
			};
			name = Debug;
		};
		52A8307C296AD639006E363B /* Release */ = {
			isa = XCBuildConfiguration;
			baseConfigurationReference = 21A4619F8A87B2DAF0DD7F08 /* Pods-Letscode.release.xcconfig */;
			buildSettings = {
				ASSETCATALOG_COMPILER_APPICON_NAME = AppIcon;
				ASSETCATALOG_COMPILER_GLOBAL_ACCENT_COLOR_NAME = AccentColor;
				CODE_SIGN_ENTITLEMENTS = Letscode/Letscode.entitlements;
				CODE_SIGN_STYLE = Automatic;
				CURRENT_PROJECT_VERSION = 1;
				DEVELOPMENT_ASSET_PATHS = "\"Letscode/Preview Content\"";
				DEVELOPMENT_TEAM = L23JLFRR67;
				ENABLE_HARDENED_RUNTIME = YES;
				ENABLE_PREVIEWS = YES;
				GENERATE_INFOPLIST_FILE = YES;
				"INFOPLIST_KEY_UIApplicationSceneManifest_Generation[sdk=iphoneos*]" = YES;
				"INFOPLIST_KEY_UIApplicationSceneManifest_Generation[sdk=iphonesimulator*]" = YES;
				"INFOPLIST_KEY_UIApplicationSupportsIndirectInputEvents[sdk=iphoneos*]" = YES;
				"INFOPLIST_KEY_UIApplicationSupportsIndirectInputEvents[sdk=iphonesimulator*]" = YES;
				"INFOPLIST_KEY_UILaunchScreen_Generation[sdk=iphoneos*]" = YES;
				"INFOPLIST_KEY_UILaunchScreen_Generation[sdk=iphonesimulator*]" = YES;
				"INFOPLIST_KEY_UIStatusBarStyle[sdk=iphoneos*]" = UIStatusBarStyleDefault;
				"INFOPLIST_KEY_UIStatusBarStyle[sdk=iphonesimulator*]" = UIStatusBarStyleDefault;
				INFOPLIST_KEY_UISupportedInterfaceOrientations_iPad = "UIInterfaceOrientationPortrait UIInterfaceOrientationPortraitUpsideDown UIInterfaceOrientationLandscapeLeft UIInterfaceOrientationLandscapeRight";
				INFOPLIST_KEY_UISupportedInterfaceOrientations_iPhone = "UIInterfaceOrientationPortrait UIInterfaceOrientationLandscapeLeft UIInterfaceOrientationLandscapeRight";
				IPHONEOS_DEPLOYMENT_TARGET = 16.2;
				MACOSX_DEPLOYMENT_TARGET = 13.1;
				MARKETING_VERSION = 1.0;
				PRODUCT_BUNDLE_IDENTIFIER = com.br.letscode.Letscode;
				PRODUCT_NAME = "$(TARGET_NAME)";
				SDKROOT = auto;
				SUPPORTED_PLATFORMS = "iphoneos iphonesimulator macosx";
				SWIFT_EMIT_LOC_STRINGS = YES;
				SWIFT_VERSION = 5.0;
				TARGETED_DEVICE_FAMILY = "1,2";
			};
			name = Release;
		};
/* End XCBuildConfiguration section */

/* Begin XCConfigurationList section */
		52A83066296AD636006E363B /* Build configuration list for PBXProject "Letscode" */ = {
			isa = XCConfigurationList;
			buildConfigurations = (
				52A83078296AD639006E363B /* Debug */,
				52A83079296AD639006E363B /* Release */,
			);
			defaultConfigurationIsVisible = 0;
			defaultConfigurationName = Release;
		};
		52A8307A296AD639006E363B /* Build configuration list for PBXNativeTarget "Letscode" */ = {
			isa = XCConfigurationList;
			buildConfigurations = (
				52A8307B296AD639006E363B /* Debug */,
				52A8307C296AD639006E363B /* Release */,
			);
			defaultConfigurationIsVisible = 0;
			defaultConfigurationName = Release;
		};
/* End XCConfigurationList section */
	};
	rootObject = 52A83063296AD636006E363B /* Project object */;
}
